
Microsoft Visual Studio Solution File, Format Version 12.00
# Visual Studio Version 16
VisualStudioVersion = 16.0.28729.10
MinimumVisualStudioVersion = 10.0.40219.1
Project("{9A19103F-16F7-4668-BE54-9A1E7A4F7556}") = "BaiDuOCR", "BaiDuOCR\BaiDuOCR.csproj", "{FF9942FB-3CE8-4790-9582-FF55AA68BA96}"
EndProject
Global
	GlobalSection(SolutionConfigurationPlatforms) = preSolution
		Debug|Any CPU = Debug|Any CPU
		Release|Any CPU = Release|Any CPU
	EndGlobalSection
	GlobalSection(ProjectConfigurationPlatforms) = postSolution
		{FF9942FB-3CE8-4790-9582-FF55AA68BA96}.Debug|Any CPU.ActiveCfg = Debug|Any CPU
		{FF9942FB-3CE8-4790-9582-FF55AA68BA96}.Debug|Any CPU.Build.0 = Debug|Any CPU
		{FF9942FB-3CE8-4790-9582-FF55AA68BA96}.Release|Any CPU.ActiveCfg = Release|Any CPU
		{FF9942FB-3CE8-4790-9582-FF55AA68BA96}.Release|Any CPU.Build.0 = Release|Any CPU
	EndGlobalSection
	GlobalSection(SolutionProperties) = preSolution
		HideSolutionNode = FALSE
	EndGlobalSection
	GlobalSection(ExtensibilityGlobals) = postSolution
		SolutionGuid = {9B96A11F-13A9-4222-85F3-2D430F20F3F5}
	EndGlobalSection
EndGlobal
